// !$*UTF8*$!
{
	archiveVersion = 1;
	classes = {
	};
	objectVersion = 52;
	objects = {

/* Begin PBXBuildFile section */
		7361A9C12990163D007EB251 /* AppDelegate.swift in Sources */ = {isa = PBXBuildFile; fileRef = 7361A9C02990163D007EB251 /* AppDelegate.swift */; };
		7361A9C32990163D007EB251 /* SceneDelegate.swift in Sources */ = {isa = PBXBuildFile; fileRef = 7361A9C22990163D007EB251 /* SceneDelegate.swift */; };
		7361A9C52990163D007EB251 /* ViewController.swift in Sources */ = {isa = PBXBuildFile; fileRef = 7361A9C42990163D007EB251 /* ViewController.swift */; };
		7361A9C82990163D007EB251 /* Main.storyboard in Resources */ = {isa = PBXBuildFile; fileRef = 7361A9C62990163D007EB251 /* Main.storyboard */; };
		7361A9CA29901645007EB251 /* Assets.xcassets in Resources */ = {isa = PBXBuildFile; fileRef = 7361A9C929901645007EB251 /* Assets.xcassets */; };
		7361A9CD29901645007EB251 /* LaunchScreen.storyboard in Resources */ = {isa = PBXBuildFile; fileRef = 7361A9CB29901645007EB251 /* LaunchScreen.storyboard */; };
		7361A9FB29902E20007EB251 /* Movie.swift in Sources */ = {isa = PBXBuildFile; fileRef = 7361A9FA29902E20007EB251 /* Movie.swift */; };
		7361A9FE29905A64007EB251 /* MovieCell.swift in Sources */ = {isa = PBXBuildFile; fileRef = 7361A9FD29905A64007EB251 /* MovieCell.swift */; };
		7361AA0329907CE6007EB251 /* Nuke in Frameworks */ = {isa = PBXBuildFile; productRef = 7361AA0229907CE6007EB251 /* Nuke */; };
		7361AA0629909175007EB251 /* DetailViewController.swift in Sources */ = {isa = PBXBuildFile; fileRef = 7361AA0529909175007EB251 /* DetailViewController.swift */; };
		73A0165C2999637F00369929 /* PosterCell.swift in Sources */ = {isa = PBXBuildFile; fileRef = 73A0165B2999637F00369929 /* PosterCell.swift */; };
		73A0165F29996B8700369929 /* PostersViewController.swift in Sources */ = {isa = PBXBuildFile; fileRef = 73A0165E29996B8700369929 /* PostersViewController.swift */; };
		73A0166329996E7300369929 /* MoviePoster.swift in Sources */ = {isa = PBXBuildFile; fileRef = 73A0166229996E7300369929 /* MoviePoster.swift */; };
/* End PBXBuildFile section */

/* Begin PBXFileReference section */
		7361A9BD2990163D007EB251 /* Flixster.app */ = {isa = PBXFileReference; explicitFileType = wrapper.application; includeInIndex = 0; path = Flixster.app; sourceTree = BUILT_PRODUCTS_DIR; };
		7361A9C02990163D007EB251 /* AppDelegate.swift */ = {isa = PBXFileReference; lastKnownFileType = sourcecode.swift; path = AppDelegate.swift; sourceTree = "<group>"; };
		7361A9C22990163D007EB251 /* SceneDelegate.swift */ = {isa = PBXFileReference; lastKnownFileType = sourcecode.swift; path = SceneDelegate.swift; sourceTree = "<group>"; };
		7361A9C42990163D007EB251 /* ViewController.swift */ = {isa = PBXFileReference; lastKnownFileType = sourcecode.swift; path = ViewController.swift; sourceTree = "<group>"; };
		7361A9C72990163D007EB251 /* Base */ = {isa = PBXFileReference; lastKnownFileType = file.storyboard; name = Base; path = Base.lproj/Main.storyboard; sourceTree = "<group>"; };
		7361A9C929901645007EB251 /* Assets.xcassets */ = {isa = PBXFileReference; lastKnownFileType = folder.assetcatalog; path = Assets.xcassets; sourceTree = "<group>"; };
		7361A9CC29901645007EB251 /* Base */ = {isa = PBXFileReference; lastKnownFileType = file.storyboard; name = Base; path = Base.lproj/LaunchScreen.storyboard; sourceTree = "<group>"; };
		7361A9CE29901645007EB251 /* Info.plist */ = {isa = PBXFileReference; lastKnownFileType = text.plist.xml; path = Info.plist; sourceTree = "<group>"; };
		7361A9FA29902E20007EB251 /* Movie.swift */ = {isa = PBXFileReference; lastKnownFileType = sourcecode.swift; path = Movie.swift; sourceTree = "<group>"; };
		7361A9FD29905A64007EB251 /* MovieCell.swift */ = {isa = PBXFileReference; lastKnownFileType = sourcecode.swift; path = MovieCell.swift; sourceTree = "<group>"; };
		7361AA0529909175007EB251 /* DetailViewController.swift */ = {isa = PBXFileReference; lastKnownFileType = sourcecode.swift; path = DetailViewController.swift; sourceTree = "<group>"; };
		73A0165B2999637F00369929 /* PosterCell.swift */ = {isa = PBXFileReference; lastKnownFileType = sourcecode.swift; path = PosterCell.swift; sourceTree = "<group>"; };
		73A0165E29996B8700369929 /* PostersViewController.swift */ = {isa = PBXFileReference; lastKnownFileType = sourcecode.swift; path = PostersViewController.swift; sourceTree = "<group>"; };
		73A0166229996E7300369929 /* MoviePoster.swift */ = {isa = PBXFileReference; lastKnownFileType = sourcecode.swift; path = MoviePoster.swift; sourceTree = "<group>"; };
/* End PBXFileReference section */

/* Begin PBXFrameworksBuildPhase section */
		7361A9BA2990163D007EB251 /* Frameworks */ = {
			isa = PBXFrameworksBuildPhase;
			buildActionMask = 2147483647;
			files = (
				7361AA0329907CE6007EB251 /* Nuke in Frameworks */,
			);
			runOnlyForDeploymentPostprocessing = 0;
		};
/* End PBXFrameworksBuildPhase section */

/* Begin PBXGroup section */
		7361A9B42990163D007EB251 = {
			isa = PBXGroup;
			children = (
				7361A9BF2990163D007EB251 /* Flixster */,
				7361A9BE2990163D007EB251 /* Products */,
			);
			sourceTree = "<group>";
		};
		7361A9BE2990163D007EB251 /* Products */ = {
			isa = PBXGroup;
			children = (
				7361A9BD2990163D007EB251 /* Flixster.app */,
			);
			name = Products;
			sourceTree = "<group>";
		};
		7361A9BF2990163D007EB251 /* Flixster */ = {
			isa = PBXGroup;
			children = (
				7361A9F929902E01007EB251 /* Models */,
				7361A9C02990163D007EB251 /* AppDelegate.swift */,
				7361A9C22990163D007EB251 /* SceneDelegate.swift */,
				7361A9C42990163D007EB251 /* ViewController.swift */,
				73A0165E29996B8700369929 /* PostersViewController.swift */,
				7361AA0529909175007EB251 /* DetailViewController.swift */,
				7361A9FD29905A64007EB251 /* MovieCell.swift */,
				7361A9C62990163D007EB251 /* Main.storyboard */,
				73A0165B2999637F00369929 /* PosterCell.swift */,
				7361A9C929901645007EB251 /* Assets.xcassets */,
				7361A9CB29901645007EB251 /* LaunchScreen.storyboard */,
				7361A9CE29901645007EB251 /* Info.plist */,
			);
			path = Flixster;
			sourceTree = "<group>";
		};
		7361A9F929902E01007EB251 /* Models */ = {
			isa = PBXGroup;
			children = (
				7361A9FA29902E20007EB251 /* Movie.swift */,
				73A0166229996E7300369929 /* MoviePoster.swift */,
			);
			path = Models;
			sourceTree = "<group>";
		};
/* End PBXGroup section */

/* Begin PBXNativeTarget section */
		7361A9BC2990163D007EB251 /* Flixster */ = {
			isa = PBXNativeTarget;
			buildConfigurationList = 7361A9D129901645007EB251 /* Build configuration list for PBXNativeTarget "Flixster" */;
			buildPhases = (
				7361A9B92990163D007EB251 /* Sources */,
				7361A9BA2990163D007EB251 /* Frameworks */,
				7361A9BB2990163D007EB251 /* Resources */,
			);
			buildRules = (
			);
			dependencies = (
			);
			name = Flixster;
			packageProductDependencies = (
				7361AA0229907CE6007EB251 /* Nuke */,
			);
			productName = Flixster;
			productReference = 7361A9BD2990163D007EB251 /* Flixster.app */;
			productType = "com.apple.product-type.application";
		};
/* End PBXNativeTarget section */

/* Begin PBXProject section */
		7361A9B52990163D007EB251 /* Project object */ = {
			isa = PBXProject;
			attributes = {
				LastSwiftUpdateCheck = 1240;
				LastUpgradeCheck = 1240;
				TargetAttributes = {
					7361A9BC2990163D007EB251 = {
						CreatedOnToolsVersion = 12.4;
					};
				};
			};
			buildConfigurationList = 7361A9B82990163D007EB251 /* Build configuration list for PBXProject "Flixster" */;
			compatibilityVersion = "Xcode 9.3";
			developmentRegion = en;
			hasScannedForEncodings = 0;
			knownRegions = (
				en,
				Base,
			);
			mainGroup = 7361A9B42990163D007EB251;
			packageReferences = (
				7361AA0129907CE6007EB251 /* XCRemoteSwiftPackageReference "Nuke" */,
			);
			productRefGroup = 7361A9BE2990163D007EB251 /* Products */;
			projectDirPath = "";
			projectRoot = "";
			targets = (
				7361A9BC2990163D007EB251 /* Flixster */,
			);
		};
/* End PBXProject section */

/* Begin PBXResourcesBuildPhase section */
		7361A9BB2990163D007EB251 /* Resources */ = {
			isa = PBXResourcesBuildPhase;
			buildActionMask = 2147483647;
			files = (
				7361A9CD29901645007EB251 /* LaunchScreen.storyboard in Resources */,
				7361A9CA29901645007EB251 /* Assets.xcassets in Resources */,
				7361A9C82990163D007EB251 /* Main.storyboard in Resources */,
			);
			runOnlyForDeploymentPostprocessing = 0;
		};
/* End PBXResourcesBuildPhase section */

/* Begin PBXSourcesBuildPhase section */
		7361A9B92990163D007EB251 /* Sources */ = {
			isa = PBXSourcesBuildPhase;
			buildActionMask = 2147483647;
			files = (
				7361A9C52990163D007EB251 /* ViewController.swift in Sources */,
				7361A9C12990163D007EB251 /* AppDelegate.swift in Sources */,
				7361A9FB29902E20007EB251 /* Movie.swift in Sources */,
				7361AA0629909175007EB251 /* DetailViewController.swift in Sources */,
				7361A9FE29905A64007EB251 /* MovieCell.swift in Sources */,
				73A0165F29996B8700369929 /* PostersViewController.swift in Sources */,
				73A0165C2999637F00369929 /* PosterCell.swift in Sources */,
				7361A9C32990163D007EB251 /* SceneDelegate.swift in Sources */,
				73A0166329996E7300369929 /* MoviePoster.swift in Sources */,
			);
			runOnlyForDeploymentPostprocessing = 0;
		};
/* End PBXSourcesBuildPhase section */

/* Begin PBXVariantGroup section */
		7361A9C62990163D007EB251 /* Main.storyboard */ = {
			isa = PBXVariantGroup;
			children = (
				7361A9C72990163D007EB251 /* Base */,
			);
			name = Main.storyboard;
			sourceTree = "<group>";
		};
		7361A9CB29901645007EB251 /* LaunchScreen.storyboard */ = {
			isa = PBXVariantGroup;
			children = (
				7361A9CC29901645007EB251 /* Base */,
			);
			name = LaunchScreen.storyboard;
			sourceTree = "<group>";
		};
/* End PBXVariantGroup section */

/* Begin XCBuildConfiguration section */
		7361A9CF29901645007EB251 /* Debug */ = {
			isa = XCBuildConfiguration;
			buildSettings = {
				ALWAYS_SEARCH_USER_PATHS = NO;
				CLANG_ANALYZER_NONNULL = YES;
				CLANG_ANALYZER_NUMBER_OBJECT_CONVERSION = YES_AGGRESSIVE;
				CLANG_CXX_LANGUAGE_STANDARD = "gnu++14";
				CLANG_CXX_LIBRARY = "libc++";
				CLANG_ENABLE_MODULES = YES;
				CLANG_ENABLE_OBJC_ARC = YES;
				CLANG_ENABLE_OBJC_WEAK = YES;
				CLANG_WARN_BLOCK_CAPTURE_AUTORELEASING = YES;
				CLANG_WARN_BOOL_CONVERSION = YES;
				CLANG_WARN_COMMA = YES;
				CLANG_WARN_CONSTANT_CONVERSION = YES;
				CLANG_WARN_DEPRECATED_OBJC_IMPLEMENTATIONS = YES;
				CLANG_WARN_DIRECT_OBJC_ISA_USAGE = YES_ERROR;
				CLANG_WARN_DOCUMENTATION_COMMENTS = YES;
				CLANG_WARN_EMPTY_BODY = YES;
				CLANG_WARN_ENUM_CONVERSION = YES;
				CLANG_WARN_INFINITE_RECURSION = YES;
				CLANG_WARN_INT_CONVERSION = YES;
				CLANG_WARN_NON_LITERAL_NULL_CONVERSION = YES;
				CLANG_WARN_OBJC_IMPLICIT_RETAIN_SELF = YES;
				CLANG_WARN_OBJC_LITERAL_CONVERSION = YES;
				CLANG_WARN_OBJC_ROOT_CLASS = YES_ERROR;
				CLANG_WARN_QUOTED_INCLUDE_IN_FRAMEWORK_HEADER = YES;
				CLANG_WARN_RANGE_LOOP_ANALYSIS = YES;
				CLANG_WARN_STRICT_PROTOTYPES = YES;
				CLANG_WARN_SUSPICIOUS_MOVE = YES;
				CLANG_WARN_UNGUARDED_AVAILABILITY = YES_AGGRESSIVE;
				CLANG_WARN_UNREACHABLE_CODE = YES;
				CLANG_WARN__DUPLICATE_METHOD_MATCH = YES;
				COPY_PHASE_STRIP = NO;
				DEBUG_INFORMATION_FORMAT = dwarf;
				ENABLE_STRICT_OBJC_MSGSEND = YES;
				ENABLE_TESTABILITY = YES;
				GCC_C_LANGUAGE_STANDARD = gnu11;
				GCC_DYNAMIC_NO_PIC = NO;
				GCC_NO_COMMON_BLOCKS = YES;
				GCC_OPTIMIZATION_LEVEL = 0;
				GCC_PREPROCESSOR_DEFINITIONS = (
					"DEBUG=1",
					"$(inherited)",
				);
				GCC_WARN_64_TO_32_BIT_CONVERSION = YES;
				GCC_WARN_ABOUT_RETURN_TYPE = YES_ERROR;
				GCC_WARN_UNDECLARED_SELECTOR = YES;
				GCC_WARN_UNINITIALIZED_AUTOS = YES_AGGRESSIVE;
				GCC_WARN_UNUSED_FUNCTION = YES;
				GCC_WARN_UNUSED_VARIABLE = YES;
				IPHONEOS_DEPLOYMENT_TARGET = 14.4;
				MTL_ENABLE_DEBUG_INFO = INCLUDE_SOURCE;
				MTL_FAST_MATH = YES;
				ONLY_ACTIVE_ARCH = YES;
				SDKROOT = iphoneos;
				SWIFT_ACTIVE_COMPILATION_CONDITIONS = DEBUG;
				SWIFT_OPTIMIZATION_LEVEL = "-Onone";
			};
			name = Debug;
		};
		7361A9D029901645007EB251 /* Release */ = {
			isa = XCBuildConfiguration;
			buildSettings = {
				ALWAYS_SEARCH_USER_PATHS = NO;
				CLANG_ANALYZER_NONNULL = YES;
				CLANG_ANALYZER_NUMBER_OBJECT_CONVERSION = YES_AGGRESSIVE;
				CLANG_CXX_LANGUAGE_STANDARD = "gnu++14";
				CLANG_CXX_LIBRARY = "libc++";
				CLANG_ENABLE_MODULES = YES;
				CLANG_ENABLE_OBJC_ARC = YES;
				CLANG_ENABLE_OBJC_WEAK = YES;
				CLANG_WARN_BLOCK_CAPTURE_AUTORELEASING = YES;
				CLANG_WARN_BOOL_CONVERSION = YES;
				CLANG_WARN_COMMA = YES;
				CLANG_WARN_CONSTANT_CONVERSION = YES;
				CLANG_WARN_DEPRECATED_OBJC_IMPLEMENTATIONS = YES;
				CLANG_WARN_DIRECT_OBJC_ISA_USAGE = YES_ERROR;
				CLANG_WARN_DOCUMENTATION_COMMENTS = YES;
				CLANG_WARN_EMPTY_BODY = YES;
				CLANG_WARN_ENUM_CONVERSION = YES;
				CLANG_WARN_INFINITE_RECURSION = YES;
				CLANG_WARN_INT_CONVERSION = YES;
				CLANG_WARN_NON_LITERAL_NULL_CONVERSION = YES;
				CLANG_WARN_OBJC_IMPLICIT_RETAIN_SELF = YES;
				CLANG_WARN_OBJC_LITERAL_CONVERSION = YES;
				CLANG_WARN_OBJC_ROOT_CLASS = YES_ERROR;
				CLANG_WARN_QUOTED_INCLUDE_IN_FRAMEWORK_HEADER = YES;
				CLANG_WARN_RANGE_LOOP_ANALYSIS = YES;
				CLANG_WARN_STRICT_PROTOTYPES = YES;
				CLANG_WARN_SUSPICIOUS_MOVE = YES;
				CLANG_WARN_UNGUARDED_AVAILABILITY = YES_AGGRESSIVE;
				CLANG_WARN_UNREACHABLE_CODE = YES;
				CLANG_WARN__DUPLICATE_METHOD_MATCH = YES;
				COPY_PHASE_STRIP = NO;
				DEBUG_INFORMATION_FORMAT = "dwarf-with-dsym";
				ENABLE_NS_ASSERTIONS = NO;
				ENABLE_STRICT_OBJC_MSGSEND = YES;
				GCC_C_LANGUAGE_STANDARD = gnu11;
				GCC_NO_COMMON_BLOCKS = YES;
				GCC_WARN_64_TO_32_BIT_CONVERSION = YES;
				GCC_WARN_ABOUT_RETURN_TYPE = YES_ERROR;
				GCC_WARN_UNDECLARED_SELECTOR = YES;
				GCC_WARN_UNINITIALIZED_AUTOS = YES_AGGRESSIVE;
				GCC_WARN_UNUSED_FUNCTION = YES;
				GCC_WARN_UNUSED_VARIABLE = YES;
				IPHONEOS_DEPLOYMENT_TARGET = 14.4;
				MTL_ENABLE_DEBUG_INFO = NO;
				MTL_FAST_MATH = YES;
				SDKROOT = iphoneos;
				SWIFT_COMPILATION_MODE = wholemodule;
				SWIFT_OPTIMIZATION_LEVEL = "-O";
				VALIDATE_PRODUCT = YES;
			};
			name = Release;
		};
		7361A9D229901645007EB251 /* Debug */ = {
			isa = XCBuildConfiguration;
			buildSettings = {
				ASSETCATALOG_COMPILER_APPICON_NAME = AppIcon;
				ASSETCATALOG_COMPILER_GLOBAL_ACCENT_COLOR_NAME = AccentColor;
				CODE_SIGN_STYLE = Automatic;
				DEVELOPMENT_TEAM = 68358MGX63;
				INFOPLIST_FILE = Flixster/Info.plist;
				LD_RUNPATH_SEARCH_PATHS = (
					"$(inherited)",
					"@executable_path/Frameworks",
				);
				PRODUCT_BUNDLE_IDENTIFIER = bartocorp.Flixster;
				PRODUCT_NAME = "$(TARGET_NAME)";
				SWIFT_VERSION = 5.0;
				TARGETED_DEVICE_FAMILY = "1,2";
			};
			name = Debug;
		};
		7361A9D329901645007EB251 /* Release */ = {
			isa = XCBuildConfiguration;
			buildSettings = {
				ASSETCATALOG_COMPILER_APPICON_NAME = AppIcon;
				ASSETCATALOG_COMPILER_GLOBAL_ACCENT_COLOR_NAME = AccentColor;
				CODE_SIGN_STYLE = Automatic;
				DEVELOPMENT_TEAM = 68358MGX63;
				INFOPLIST_FILE = Flixster/Info.plist;
				LD_RUNPATH_SEARCH_PATHS = (
					"$(inherited)",
					"@executable_path/Frameworks",
				);
				PRODUCT_BUNDLE_IDENTIFIER = bartocorp.Flixster;
				PRODUCT_NAME = "$(TARGET_NAME)";
				SWIFT_VERSION = 5.0;
				TARGETED_DEVICE_FAMILY = "1,2";
			};
			name = Release;
		};
/* End XCBuildConfiguration section */

/* Begin XCConfigurationList section */
		7361A9B82990163D007EB251 /* Build configuration list for PBXProject "Flixster" */ = {
			isa = XCConfigurationList;
			buildConfigurations = (
				7361A9CF29901645007EB251 /* Debug */,
				7361A9D029901645007EB251 /* Release */,
			);
			defaultConfigurationIsVisible = 0;
			defaultConfigurationName = Release;
		};
		7361A9D129901645007EB251 /* Build configuration list for PBXNativeTarget "Flixster" */ = {
			isa = XCConfigurationList;
			buildConfigurations = (
				7361A9D229901645007EB251 /* Debug */,
				7361A9D329901645007EB251 /* Release */,
			);
			defaultConfigurationIsVisible = 0;
			defaultConfigurationName = Release;
		};
/* End XCConfigurationList section */

/* Begin XCRemoteSwiftPackageReference section */
		7361AA0129907CE6007EB251 /* XCRemoteSwiftPackageReference "Nuke" */ = {
			isa = XCRemoteSwiftPackageReference;
			repositoryURL = "https://github.com/kean/Nuke.git";
			requirement = {
				kind = upToNextMajorVersion;
				minimumVersion = 9.1.0;
			};
		};
/* End XCRemoteSwiftPackageReference section */

/* Begin XCSwiftPackageProductDependency section */
		7361AA0229907CE6007EB251 /* Nuke */ = {
			isa = XCSwiftPackageProductDependency;
			package = 7361AA0129907CE6007EB251 /* XCRemoteSwiftPackageReference "Nuke" */;
			productName = Nuke;
		};
/* End XCSwiftPackageProductDependency section */
	};
	rootObject = 7361A9B52990163D007EB251 /* Project object */;
}
